Microsoft Visual Studio Solution File, Format Version 12.00
# Visual Studio 2012
Project("{FAE04EC0-301F-11D3-BF4B-00C04F79EFBC}") = "Math_quest", "Math_quest.csproj", "{EA5A6899-8B54-41F5-8A7C-4BED4BA116AF}"
EndProject
Global
	GlobalSection(SolutionConfigurationPlatforms) = preSolution
	Debug|Any CPU = Debug|Any CPU
	ExportDebug|Any CPU = ExportDebug|Any CPU
	ExportRelease|Any CPU = ExportRelease|Any CPU
	EndGlobalSection
	GlobalSection(ProjectConfigurationPlatforms) = postSolution
		{EA5A6899-8B54-41F5-8A7C-4BED4BA116AF}.Debug|Any CPU.ActiveCfg = Debug|Any CPU
		{EA5A6899-8B54-41F5-8A7C-4BED4BA116AF}.Debug|Any CPU.Build.0 = Debug|Any CPU
		{EA5A6899-8B54-41F5-8A7C-4BED4BA116AF}.ExportDebug|Any CPU.ActiveCfg = ExportDebug|Any CPU
		{EA5A6899-8B54-41F5-8A7C-4BED4BA116AF}.ExportDebug|Any CPU.Build.0 = ExportDebug|Any CPU
		{EA5A6899-8B54-41F5-8A7C-4BED4BA116AF}.ExportRelease|Any CPU.ActiveCfg = ExportRelease|Any CPU
		{EA5A6899-8B54-41F5-8A7C-4BED4BA116AF}.ExportRelease|Any CPU.Build.0 = ExportRelease|Any CPU
	EndGlobalSection
EndGlobal
